// !$*UTF8*$!
{
	archiveVersion = 1;
	classes = {
	};
	objectVersion = 46;
	objects = {

/* Begin PBXBuildFile section */
		C68EE84E1D0BDF8E004FF435 /* AppDelegate.swift in Sources */ = {isa = PBXBuildFile; fileRef = C68EE84D1D0BDF8E004FF435 /* AppDelegate.swift */; };
		C68EE8501D0BDF8E004FF435 /* ViewController.swift in Sources */ = {isa = PBXBuildFile; fileRef = C68EE84F1D0BDF8E004FF435 /* ViewController.swift */; };
		C68EE8531D0BDF8E004FF435 /* Main.storyboard in Resources */ = {isa = PBXBuildFile; fileRef = C68EE8511D0BDF8E004FF435 /* Main.storyboard */; };
		C68EE8551D0BDF8E004FF435 /* Assets.xcassets in Resources */ = {isa = PBXBuildFile; fileRef = C68EE8541D0BDF8E004FF435 /* Assets.xcassets */; };
		C68EE8581D0BDF8E004FF435 /* LaunchScreen.storyboard in Resources */ = {isa = PBXBuildFile; fileRef = C68EE8561D0BDF8E004FF435 /* LaunchScreen.storyboard */; };
		C68EE8631D0BDF8E004FF435 /* countpTests.swift in Sources */ = {isa = PBXBuildFile; fileRef = C68EE8621D0BDF8E004FF435 /* countpTests.swift */; };
		C68EE86E1D0BDF8E004FF435 /* countpUITests.swift in Sources */ = {isa = PBXBuildFile; fileRef = C68EE86D1D0BDF8E004FF435 /* countpUITests.swift */; };
/* End PBXBuildFile section */

/* Begin PBXContainerItemProxy section */
		C68EE85F1D0BDF8E004FF435 /* PBXContainerItemProxy */ = {
			isa = PBXContainerItemProxy;
			containerPortal = C68EE8421D0BDF8E004FF435 /* Project object */;
			proxyType = 1;
			remoteGlobalIDString = C68EE8491D0BDF8E004FF435;
			remoteInfo = countp;
		};
		C68EE86A1D0BDF8E004FF435 /* PBXContainerItemProxy */ = {
			isa = PBXContainerItemProxy;
			containerPortal = C68EE8421D0BDF8E004FF435 /* Project object */;
			proxyType = 1;
			remoteGlobalIDString = C68EE8491D0BDF8E004FF435;
			remoteInfo = countp;
		};
/* End PBXContainerItemProxy section */

/* Begin PBXFileReference section */
		C68EE84A1D0BDF8E004FF435 /* countp.app */ = {isa = PBXFileReference; explicitFileType = wrapper.application; includeInIndex = 0; path = countp.app; sourceTree = BUILT_PRODUCTS_DIR; };
		C68EE84D1D0BDF8E004FF435 /* AppDelegate.swift */ = {isa = PBXFileReference; lastKnownFileType = sourcecode.swift; path = AppDelegate.swift; sourceTree = "<group>"; };
		C68EE84F1D0BDF8E004FF435 /* ViewController.swift */ = {isa = PBXFileReference; lastKnownFileType = sourcecode.swift; path = ViewController.swift; sourceTree = "<group>"; };
		C68EE8521D0BDF8E004FF435 /* Base */ = {isa = PBXFileReference; lastKnownFileType = file.storyboard; name = Base; path = Base.lproj/Main.storyboard; sourceTree = "<group>"; };
		C68EE8541D0BDF8E004FF435 /* Assets.xcassets */ = {isa = PBXFileReference; lastKnownFileType = folder.assetcatalog; path = Assets.xcassets; sourceTree = "<group>"; };
		C68EE8571D0BDF8E004FF435 /* Base */ = {isa = PBXFileReference; lastKnownFileType = file.storyboard; name = Base; path = Base.lproj/LaunchScreen.storyboard; sourceTree = "<group>"; };
		C68EE8591D0BDF8E004FF435 /* Info.plist */ = {isa = PBXFileReference; lastKnownFileType = text.plist.xml; path = Info.plist; sourceTree = "<group>"; };
		C68EE85E1D0BDF8E004FF435 /* countpTests.xctest */ = {isa = PBXFileReference; explicitFileType = wrapper.cfbundle; includeInIndex = 0; path = countpTests.xctest; sourceTree = BUILT_PRODUCTS_DIR; };
		C68EE8621D0BDF8E004FF435 /* countpTests.swift */ = {isa = PBXFileReference; lastKnownFileType = sourcecode.swift; path = countpTests.swift; sourceTree = "<group>"; };
		C68EE8641D0BDF8E004FF435 /* Info.plist */ = {isa = PBXFileReference; lastKnownFileType = text.plist.xml; path = Info.plist; sourceTree = "<group>"; };
		C68EE8691D0BDF8E004FF435 /* countpUITests.xctest */ = {isa = PBXFileReference; explicitFileType = wrapper.cfbundle; includeInIndex = 0; path = countpUITests.xctest; sourceTree = BUILT_PRODUCTS_DIR; };
		C68EE86D1D0BDF8E004FF435 /* countpUITests.swift */ = {isa = PBXFileReference; lastKnownFileType = sourcecode.swift; path = countpUITests.swift; sourceTree = "<group>"; };
		C68EE86F1D0BDF8E004FF435 /* Info.plist */ = {isa = PBXFileReference; lastKnownFileType = text.plist.xml; path = Info.plist; sourceTree = "<group>"; };
/* End PBXFileReference section */

/* Begin PBXFrameworksBuildPhase section */
		C68EE8471D0BDF8E004FF435 /* Frameworks */ = {
			isa = PBXFrameworksBuildPhase;
			buildActionMask = 2147483647;
			files = (
			);
			runOnlyForDeploymentPostprocessing = 0;
		};
		C68EE85B1D0BDF8E004FF435 /* Frameworks */ = {
			isa = PBXFrameworksBuildPhase;
			buildActionMask = 2147483647;
			files = (
			);
			runOnlyForDeploymentPostprocessing = 0;
		};
		C68EE8661D0BDF8E004FF435 /* Frameworks */ = {
			isa = PBXFrameworksBuildPhase;
			buildActionMask = 2147483647;
			files = (
			);
			runOnlyForDeploymentPostprocessing = 0;
		};
/* End PBXFrameworksBuildPhase section */

/* Begin PBXGroup section */
		C68EE8411D0BDF8E004FF435 = {
			isa = PBXGroup;
			children = (
				C68EE84C1D0BDF8E004FF435 /* countp */,
				C68EE8611D0BDF8E004FF435 /* countpTests */,
				C68EE86C1D0BDF8E004FF435 /* countpUITests */,
				C68EE84B1D0BDF8E004FF435 /* Products */,
			);
			sourceTree = "<group>";
		};
		C68EE84B1D0BDF8E004FF435 /* Products */ = {
			isa = PBXGroup;
			children = (
				C68EE84A1D0BDF8E004FF435 /* countp.app */,
				C68EE85E1D0BDF8E004FF435 /* countpTests.xctest */,
				C68EE8691D0BDF8E004FF435 /* countpUITests.xctest */,
			);
			name = Products;
			sourceTree = "<group>";
		};
		C68EE84C1D0BDF8E004FF435 /* countp */ = {
			isa = PBXGroup;
			children = (
				C68EE84D1D0BDF8E004FF435 /* AppDelegate.swift */,
				C68EE84F1D0BDF8E004FF435 /* ViewController.swift */,
				C68EE8511D0BDF8E004FF435 /* Main.storyboard */,
				C68EE8541D0BDF8E004FF435 /* Assets.xcassets */,
				C68EE8561D0BDF8E004FF435 /* LaunchScreen.storyboard */,
				C68EE8591D0BDF8E004FF435 /* Info.plist */,
			);
			path = countp;
			sourceTree = "<group>";
		};
		C68EE8611D0BDF8E004FF435 /* countpTests */ = {
			isa = PBXGroup;
			children = (
				C68EE8621D0BDF8E004FF435 /* countpTests.swift */,
				C68EE8641D0BDF8E004FF435 /* Info.plist */,
			);
			path = countpTests;
			sourceTree = "<group>";
		};
		C68EE86C1D0BDF8E004FF435 /* countpUITests */ = {
			isa = PBXGroup;
			children = (
				C68EE86D1D0BDF8E004FF435 /* countpUITests.swift */,
				C68EE86F1D0BDF8E004FF435 /* Info.plist */,
			);
			path = countpUITests;
			sourceTree = "<group>";
		};
/* End PBXGroup section */

/* Begin PBXNativeTarget section */
		C68EE8491D0BDF8E004FF435 /* countp */ = {
			isa = PBXNativeTarget;
			buildConfigurationList = C68EE8721D0BDF8E004FF435 /* Build configuration list for PBXNativeTarget "countp" */;
			buildPhases = (
				C68EE8461D0BDF8E004FF435 /* Sources */,
				C68EE8471D0BDF8E004FF435 /* Frameworks */,
				C68EE8481D0BDF8E004FF435 /* Resources */,
			);
			buildRules = (
			);
			dependencies = (
			);
			name = countp;
			productName = countp;
			productReference = C68EE84A1D0BDF8E004FF435 /* countp.app */;
			productType = "com.apple.product-type.application";
		};
		C68EE85D1D0BDF8E004FF435 /* countpTests */ = {
			isa = PBXNativeTarget;
			buildConfigurationList = C68EE8751D0BDF8E004FF435 /* Build configuration list for PBXNativeTarget "countpTests" */;
			buildPhases = (
				C68EE85A1D0BDF8E004FF435 /* Sources */,
				C68EE85B1D0BDF8E004FF435 /* Frameworks */,
				C68EE85C1D0BDF8E004FF435 /* Resources */,
			);
			buildRules = (
			);
			dependencies = (
				C68EE8601D0BDF8E004FF435 /* PBXTargetDependency */,
			);
			name = countpTests;
			productName = countpTests;
			productReference = C68EE85E1D0BDF8E004FF435 /* countpTests.xctest */;
			productType = "com.apple.product-type.bundle.unit-test";
		};
		C68EE8681D0BDF8E004FF435 /* countpUITests */ = {
			isa = PBXNativeTarget;
			buildConfigurationList = C68EE8781D0BDF8E004FF435 /* Build configuration list for PBXNativeTarget "countpUITests" */;
			buildPhases = (
				C68EE8651D0BDF8E004FF435 /* Sources */,
				C68EE8661D0BDF8E004FF435 /* Frameworks */,
				C68EE8671D0BDF8E004FF435 /* Resources */,
			);
			buildRules = (
			);
			dependencies = (
				C68EE86B1D0BDF8E004FF435 /* PBXTargetDependency */,
			);
			name = countpUITests;
			productName = countpUITests;
			productReference = C68EE8691D0BDF8E004FF435 /* countpUITests.xctest */;
			productType = "com.apple.product-type.bundle.ui-testing";
		};
/* End PBXNativeTarget section */

/* Begin PBXProject section */
		C68EE8421D0BDF8E004FF435 /* Project object */ = {
			isa = PBXProject;
			attributes = {
				LastSwiftUpdateCheck = 0730;
				LastUpgradeCheck = 0730;
				ORGANIZATIONNAME = "山本豪";
				TargetAttributes = {
					C68EE8491D0BDF8E004FF435 = {
						CreatedOnToolsVersion = 7.3.1;
					};
					C68EE85D1D0BDF8E004FF435 = {
						CreatedOnToolsVersion = 7.3.1;
						TestTargetID = C68EE8491D0BDF8E004FF435;
					};
					C68EE8681D0BDF8E004FF435 = {
						CreatedOnToolsVersion = 7.3.1;
						TestTargetID = C68EE8491D0BDF8E004FF435;
					};
				};
			};
			buildConfigurationList = C68EE8451D0BDF8E004FF435 /* Build configuration list for PBXProject "countp" */;
			compatibilityVersion = "Xcode 3.2";
			developmentRegion = English;
			hasScannedForEncodings = 0;
			knownRegions = (
				en,
				Base,
			);
			mainGroup = C68EE8411D0BDF8E004FF435;
			productRefGroup = C68EE84B1D0BDF8E004FF435 /* Products */;
			projectDirPath = "";
			projectRoot = "";
			targets = (
				C68EE8491D0BDF8E004FF435 /* countp */,
				C68EE85D1D0BDF8E004FF435 /* countpTests */,
				C68EE8681D0BDF8E004FF435 /* countpUITests */,
			);
		};
/* End PBXProject section */

/* Begin PBXResourcesBuildPhase section */
		C68EE8481D0BDF8E004FF435 /* Resources */ = {
			isa = PBXResourcesBuildPhase;
			buildActionMask = 2147483647;
			files = (
				C68EE8581D0BDF8E004FF435 /* LaunchScreen.storyboard in Resources */,
				C68EE8551D0BDF8E004FF435 /* Assets.xcassets in Resources */,
				C68EE8531D0BDF8E004FF435 /* Main.storyboard in Resources */,
			);
			runOnlyForDeploymentPostprocessing = 0;
		};
		C68EE85C1D0BDF8E004FF435 /* Resources */ = {
			isa = PBXResourcesBuildPhase;
			buildActionMask = 2147483647;
			files = (
			);
			runOnlyForDeploymentPostprocessing = 0;
		};
		C68EE8671D0BDF8E004FF435 /* Resources */ = {
			isa = PBXResourcesBuildPhase;
			buildActionMask = 2147483647;
			files = (
			);
			runOnlyForDeploymentPostprocessing = 0;
		};
/* End PBXResourcesBuildPhase section */

/* Begin PBXSourcesBuildPhase section */
		C68EE8461D0BDF8E004FF435 /* Sources */ = {
			isa = PBXSourcesBuildPhase;
			buildActionMask = 2147483647;
			files = (
				C68EE8501D0BDF8E004FF435 /* ViewController.swift in Sources */,
				C68EE84E1D0BDF8E004FF435 /* AppDelegate.swift in Sources */,
			);
			runOnlyForDeploymentPostprocessing = 0;
		};
		C68EE85A1D0BDF8E004FF435 /* Sources */ = {
			isa = PBXSourcesBuildPhase;
			buildActionMask = 2147483647;
			files = (
				C68EE8631D0BDF8E004FF435 /* countpTests.swift in Sources */,
			);
			runOnlyForDeploymentPostprocessing = 0;
		};
		C68EE8651D0BDF8E004FF435 /* Sources */ = {
			isa = PBXSourcesBuildPhase;
			buildActionMask = 2147483647;
			files = (
				C68EE86E1D0BDF8E004FF435 /* countpUITests.swift in Sources */,
			);
			runOnlyForDeploymentPostprocessing = 0;
		};
/* End PBXSourcesBuildPhase section */

/* Begin PBXTargetDependency section */
		C68EE8601D0BDF8E004FF435 /* PBXTargetDependency */ = {
			isa = PBXTargetDependency;
			target = C68EE8491D0BDF8E004FF435 /* countp */;
			targetProxy = C68EE85F1D0BDF8E004FF435 /* PBXContainerItemProxy */;
		};
		C68EE86B1D0BDF8E004FF435 /* PBXTargetDependency */ = {
			isa = PBXTargetDependency;
			target = C68EE8491D0BDF8E004FF435 /* countp */;
			targetProxy = C68EE86A1D0BDF8E004FF435 /* PBXContainerItemProxy */;
		};
/* End PBXTargetDependency section */

/* Begin PBXVariantGroup section */
		C68EE8511D0BDF8E004FF435 /* Main.storyboard */ = {
			isa = PBXVariantGroup;
			children = (
				C68EE8521D0BDF8E004FF435 /* Base */,
			);
			name = Main.storyboard;
			sourceTree = "<group>";
		};
		C68EE8561D0BDF8E004FF435 /* LaunchScreen.storyboard */ = {
			isa = PBXVariantGroup;
			children = (
				C68EE8571D0BDF8E004FF435 /* Base */,
			);
			name = LaunchScreen.storyboard;
			sourceTree = "<group>";
		};
/* End PBXVariantGroup section */

/* Begin XCBuildConfiguration section */
		C68EE8701D0BDF8E004FF435 /* Debug */ = {
			isa = XCBuildConfiguration;
			buildSettings = {
				ALWAYS_SEARCH_USER_PATHS = NO;
				CLANG_ANALYZER_NONNULL = YES;
				CLANG_CXX_LANGUAGE_STANDARD = "gnu++0x";
				CLANG_CXX_LIBRARY = "libc++";
				CLANG_ENABLE_MODULES = YES;
				CLANG_ENABLE_OBJC_ARC = YES;
				CLANG_WARN_BOOL_CONVERSION = YES;
				CLANG_WARN_CONSTANT_CONVERSION = YES;
				CLANG_WARN_DIRECT_OBJC_ISA_USAGE = YES_ERROR;
				CLANG_WARN_EMPTY_BODY = YES;
				CLANG_WARN_ENUM_CONVERSION = YES;
				CLANG_WARN_INT_CONVERSION = YES;
				CLANG_WARN_OBJC_ROOT_CLASS = YES_ERROR;
				CLANG_WARN_UNREACHABLE_CODE = YES;
				CLANG_WARN__DUPLICATE_METHOD_MATCH = YES;
				"CODE_SIGN_IDENTITY[sdk=iphoneos*]" = "iPhone Developer";
				COPY_PHASE_STRIP = NO;
				DEBUG_INFORMATION_FORMAT = dwarf;
				ENABLE_STRICT_OBJC_MSGSEND = YES;
				ENABLE_TESTABILITY = YES;
				GCC_C_LANGUAGE_STANDARD = gnu99;
				GCC_DYNAMIC_NO_PIC = NO;
				GCC_NO_COMMON_BLOCKS = YES;
				GCC_OPTIMIZATION_LEVEL = 0;
				GCC_PREPROCESSOR_DEFINITIONS = (
					"DEBUG=1",
					"$(inherited)",
				);
				GCC_WARN_64_TO_32_BIT_CONVERSION = YES;
				GCC_WARN_ABOUT_RETURN_TYPE = YES_ERROR;
				GCC_WARN_UNDECLARED_SELECTOR = YES;
				GCC_WARN_UNINITIALIZED_AUTOS = YES_AGGRESSIVE;
				GCC_WARN_UNUSED_FUNCTION = YES;
				GCC_WARN_UNUSED_VARIABLE = YES;
				IPHONEOS_DEPLOYMENT_TARGET = 9.3;
				MTL_ENABLE_DEBUG_INFO = YES;
				ONLY_ACTIVE_ARCH = YES;
				SDKROOT = iphoneos;
				SWIFT_OPTIMIZATION_LEVEL = "-Onone";
			};
			name = Debug;
		};
		C68EE8711D0BDF8E004FF435 /* Release */ = {
			isa = XCBuildConfiguration;
			buildSettings = {
				ALWAYS_SEARCH_USER_PATHS = NO;
				CLANG_ANALYZER_NONNULL = YES;
				CLANG_CXX_LANGUAGE_STANDARD = "gnu++0x";
				CLANG_CXX_LIBRARY = "libc++";
				CLANG_ENABLE_MODULES = YES;
				CLANG_ENABLE_OBJC_ARC = YES;
				CLANG_WARN_BOOL_CONVERSION = YES;
				CLANG_WARN_CONSTANT_CONVERSION = YES;
				CLANG_WARN_DIRECT_OBJC_ISA_USAGE = YES_ERROR;
				CLANG_WARN_EMPTY_BODY = YES;
				CLANG_WARN_ENUM_CONVERSION = YES;
				CLANG_WARN_INT_CONVERSION = YES;
				CLANG_WARN_OBJC_ROOT_CLASS = YES_ERROR;
				CLANG_WARN_UNREACHABLE_CODE = YES;
				CLANG_WARN__DUPLICATE_METHOD_MATCH = YES;
				"CODE_SIGN_IDENTITY[sdk=iphoneos*]" = "iPhone Developer";
				COPY_PHASE_STRIP = NO;
				DEBUG_INFORMATION_FORMAT = "dwarf-with-dsym";
				ENABLE_NS_ASSERTIONS = NO;
				ENABLE_STRICT_OBJC_MSGSEND = YES;
				GCC_C_LANGUAGE_STANDARD = gnu99;
				GCC_NO_COMMON_BLOCKS = YES;
				GCC_WARN_64_TO_32_BIT_CONVERSION = YES;
				GCC_WARN_ABOUT_RETURN_TYPE = YES_ERROR;
				GCC_WARN_UNDECLARED_SELECTOR = YES;
				GCC_WARN_UNINITIALIZED_AUTOS = YES_AGGRESSIVE;
				GCC_WARN_UNUSED_FUNCTION = YES;
				GCC_WARN_UNUSED_VARIABLE = YES;
				IPHONEOS_DEPLOYMENT_TARGET = 9.3;
				MTL_ENABLE_DEBUG_INFO = NO;
				SDKROOT = iphoneos;
				VALIDATE_PRODUCT = YES;
			};
			name = Release;
		};
		C68EE8731D0BDF8E004FF435 /* Debug */ = {
			isa = XCBuildConfiguration;
			buildSettings = {
				ASSETCATALOG_COMPILER_APPICON_NAME = AppIcon;
				INFOPLIST_FILE = countp/Info.plist;
				LD_RUNPATH_SEARCH_PATHS = "$(inherited) @executable_path/Frameworks";
				PRODUCT_BUNDLE_IDENTIFIER = "---.countp";
				PRODUCT_NAME = "$(TARGET_NAME)";
			};
			name = Debug;
		};
		C68EE8741D0BDF8E004FF435 /* Release */ = {
			isa = XCBuildConfiguration;
			buildSettings = {
				ASSETCATALOG_COMPILER_APPICON_NAME = AppIcon;
				INFOPLIST_FILE = countp/Info.plist;
				LD_RUNPATH_SEARCH_PATHS = "$(inherited) @executable_path/Frameworks";
				PRODUCT_BUNDLE_IDENTIFIER = "---.countp";
				PRODUCT_NAME = "$(TARGET_NAME)";
			};
			name = Release;
		};
		C68EE8761D0BDF8E004FF435 /* Debug */ = {
			isa = XCBuildConfiguration;
			buildSettings = {
				BUNDLE_LOADER = "$(TEST_HOST)";
				INFOPLIST_FILE = countpTests/Info.plist;
				LD_RUNPATH_SEARCH_PATHS = "$(inherited) @executable_path/Frameworks @loader_path/Frameworks";
				PRODUCT_BUNDLE_IDENTIFIER = "---.countpTests";
				PRODUCT_NAME = "$(TARGET_NAME)";
				TEST_HOST = "$(BUILT_PRODUCTS_DIR)/countp.app/countp";
			};
			name = Debug;
		};
		C68EE8771D0BDF8E004FF435 /* Release */ = {
			isa = XCBuildConfiguration;
			buildSettings = {
				BUNDLE_LOADER = "$(TEST_HOST)";
				INFOPLIST_FILE = countpTests/Info.plist;
				LD_RUNPATH_SEARCH_PATHS = "$(inherited) @executable_path/Frameworks @loader_path/Frameworks";
				PRODUCT_BUNDLE_IDENTIFIER = "---.countpTests";
				PRODUCT_NAME = "$(TARGET_NAME)";
				TEST_HOST = "$(BUILT_PRODUCTS_DIR)/countp.app/countp";
			};
			name = Release;
		};
		C68EE8791D0BDF8E004FF435 /* Debug */ = {
			isa = XCBuildConfiguration;
			buildSettings = {
				INFOPLIST_FILE = countpUITests/Info.plist;
				LD_RUNPATH_SEARCH_PATHS = "$(inherited) @executable_path/Frameworks @loader_path/Frameworks";
				PRODUCT_BUNDLE_IDENTIFIER = "---.countpUITests";
				PRODUCT_NAME = "$(TARGET_NAME)";
				TEST_TARGET_NAME = countp;
			};
			name = Debug;
		};
		C68EE87A1D0BDF8E004FF435 /* Release */ = {
			isa = XCBuildConfiguration;
			buildSettings = {
				INFOPLIST_FILE = countpUITests/Info.plist;
				LD_RUNPATH_SEARCH_PATHS = "$(inherited) @executable_path/Frameworks @loader_path/Frameworks";
				PRODUCT_BUNDLE_IDENTIFIER = "---.countpUITests";
				PRODUCT_NAME = "$(TARGET_NAME)";
				TEST_TARGET_NAME = countp;
			};
			name = Release;
		};
/* End XCBuildConfiguration section */

/* Begin XCConfigurationList section */
		C68EE8451D0BDF8E004FF435 /* Build configuration list for PBXProject "countp" */ = {
			isa = XCConfigurationList;
			buildConfigurations = (
				C68EE8701D0BDF8E004FF435 /* Debug */,
				C68EE8711D0BDF8E004FF435 /* Release */,
			);
			defaultConfigurationIsVisible = 0;
			defaultConfigurationName = Release;
		};
		C68EE8721D0BDF8E004FF435 /* Build configuration list for PBXNativeTarget "countp" */ = {
			isa = XCConfigurationList;
			buildConfigurations = (
				C68EE8731D0BDF8E004FF435 /* Debug */,
				C68EE8741D0BDF8E004FF435 /* Release */,
			);
			defaultConfigurationIsVisible = 0;
		};
		C68EE8751D0BDF8E004FF435 /* Build configuration list for PBXNativeTarget "countpTests" */ = {
			isa = XCConfigurationList;
			buildConfigurations = (
				C68EE8761D0BDF8E004FF435 /* Debug */,
				C68EE8771D0BDF8E004FF435 /* Release */,
			);
			defaultConfigurationIsVisible = 0;
		};
		C68EE8781D0BDF8E004FF435 /* Build configuration list for PBXNativeTarget "countpUITests" */ = {
			isa = XCConfigurationList;
			buildConfigurations = (
				C68EE8791D0BDF8E004FF435 /* Debug */,
				C68EE87A1D0BDF8E004FF435 /* Release */,
			);
			defaultConfigurationIsVisible = 0;
		};
/* End XCConfigurationList section */
	};
	rootObject = C68EE8421D0BDF8E004FF435 /* Project object */;
}
